<?xml version="1.0" encoding="utf-8"?>
<Project ToolsVersion="4.0" xmlns="http://schemas.microsoft.com/developer/msbuild/2003">
  <ItemGroup>
    <Filter Include="Conf files">
      <UniqueIdentifier>{ca31a761-c826-4eff-9100-5a329557d2c0}</UniqueIdentifier>
    </Filter>
    <Filter Include="Syntax files">
      <UniqueIdentifier>{be254d93-d48e-4be9-b09c-dfdc67848ef8}</UniqueIdentifier>
      <Extensions>jsf</Extensions>
    </Filter>
    <Filter Include="Color schemes">
      <UniqueIdentifier>{cc466dd3-f72d-411a-b17d-76896f6bf5a9}</UniqueIdentifier>
      <Extensions>jcf</Extensions>
    </Filter>
    <Filter Include="Native color files">
      <UniqueIdentifier>{7e3f56e2-2bf0-4c82-96ed-33f82440e4b9}</UniqueIdentifier>
      <Extensions>joecolor</Extensions>
    </Filter>
    <Filter Include="Docs">
      <UniqueIdentifier>{edc9595d-d0ce-458a-826d-7e8b2da3c9d9}</UniqueIdentifier>
      <Extensions>txt</Extensions>
    </Filter>
    <Filter Include="Translations">
      <UniqueIdentifier>{f91b405b-d99a-43cc-a20c-64e761c54b62}</UniqueIdentifier>
      <Extensions>po</Extensions>
    </Filter>
    <Filter Include="VT Scripts">
      <UniqueIdentifier>{7bb806ee-ada1-4612-b73c-1918b45ff8d1}</UniqueIdentifier>
    </Filter>
  </ItemGroup>
  <ItemGroup>
    <DocFile Include="$(JoeDocsDir)\license.txt">
      <Filter>Docs</Filter>
    </DocFile>
    <MDDocFile Include="$(JoeRootDocsDir)\man.md">
      <Filter>Docs</Filter>
    </MDDocFile>
    <MDDocFile Include="$(JoeRootDocsDir)\windows.md">
      <Filter>Docs</Filter>
    </MDDocFile>
    <MDDocFile Include="$(JoeRoot)\news.md">
      <Filter>Docs</Filter>
    </MDDocFile>
    <DocFile Include="markdown.css">
      <Filter>Docs</Filter>
    </DocFile>
    <ColorFile Include="$(SchemesDir)\putty-black.joecolor">
      <Filter>Native color files</Filter>
    </ColorFile>
    <ColorFile Include="$(SchemesDir)\putty-white.joecolor">
      <Filter>Native color files</Filter>
    </ColorFile>
    <ColorFile Include="$(SchemesDir)\solarized.joecolor">
      <Filter>Native color files</Filter>
    </ColorFile>
    <ColorFile Include="$(SchemesDir)\solarized-light.joecolor">
      <Filter>Native color files</Filter>
    </ColorFile>
    <ColorFile Include="$(SchemesDir)\xterm.joecolor">
      <Filter>Native color files</Filter>
    </ColorFile>
    <ConfigFile Include="$(JoeConfDir)\ftyperc">
      <Filter>Conf files</Filter>
    </ConfigFile>
    <ConfigFile Include="$(JoeConfDir)\jmacsrc">
      <Filter>Conf files</Filter>
    </ConfigFile>
    <ConfigFile Include="$(JoeConfDir)\joerc">
      <Filter>Conf files</Filter>
    </ConfigFile>
    <ConfigFile Include="$(JoeConfDir)\joerc.zh_TW">
      <Filter>Conf files</Filter>
    </ConfigFile>
    <ConfigFile Include="$(JoeConfDir)\jpicorc">
      <Filter>Conf files</Filter>
    </ConfigFile>
    <ConfigFile Include="$(JoeConfDir)\jstarrc">
      <Filter>Conf files</Filter>
    </ConfigFile>
    <ConfigFile Include="$(JoeConfDir)\jicerc">
      <Filter>Conf files</Filter>
    </ConfigFile>
    <SyntaxFile Include="$(JoeSyntaxDir)\4gl.jsf">
      <Filter>Syntax files</Filter>
    </SyntaxFile>
    <SyntaxFile Include="$(JoeSyntaxDir)\ada.jsf">
      <Filter>Syntax files</Filter>
    </SyntaxFile>
    <SyntaxFile Include="$(JoeSyntaxDir)\ant.jsf">
      <Filter>Syntax files</Filter>
    </SyntaxFile>
    <SyntaxFile Include="$(JoeSyntaxDir)\asm.jsf">
      <Filter>Syntax files</Filter>
    </SyntaxFile>
    <SyntaxFile Include="$(JoeSyntaxDir)\avr.jsf">
      <Filter>Syntax files</Filter>
    </SyntaxFile>
    <SyntaxFile Include="$(JoeSyntaxDir)\awk.jsf">
      <Filter>Syntax files</Filter>
    </SyntaxFile>
    <SyntaxFile Include="$(JoeSyntaxDir)\batch.jsf">
      <Filter>Syntax files</Filter>
    </SyntaxFile>
    <SyntaxFile Include="$(JoeSyntaxDir)\c.jsf">
      <Filter>Syntax files</Filter>
    </SyntaxFile>
    <SyntaxFile Include="$(JoeSyntaxDir)\clojure.jsf">
      <Filter>Syntax files</Filter>
    </SyntaxFile>
    <SyntaxFile Include="$(JoeSyntaxDir)\cobol.jsf">
      <Filter>Syntax files</Filter>
    </SyntaxFile>
    <SyntaxFile Include="$(JoeSyntaxDir)\coffee.jsf">
      <Filter>Syntax files</Filter>
    </SyntaxFile>
    <SyntaxFile Include="$(JoeSyntaxDir)\comment_todo.jsf">
      <Filter>Syntax files</Filter>
    </SyntaxFile>
    <SyntaxFile Include="$(JoeSyntaxDir)\conf.jsf">
      <Filter>Syntax files</Filter>
    </SyntaxFile>
    <SyntaxFile Include="$(JoeSyntaxDir)\context.jsf">
      <Filter>Syntax files</Filter>
    </SyntaxFile>
    <SyntaxFile Include="$(JoeSyntaxDir)\csh.jsf">
      <Filter>Syntax files</Filter>
    </SyntaxFile>
    <SyntaxFile Include="$(JoeSyntaxDir)\csharp.jsf">
      <Filter>Syntax files</Filter>
    </SyntaxFile>
    <SyntaxFile Include="$(JoeSyntaxDir)\css.jsf">
      <Filter>Syntax files</Filter>
    </SyntaxFile>
    <SyntaxFile Include="$(JoeSyntaxDir)\d.jsf">
      <Filter>Syntax files</Filter>
    </SyntaxFile>
    <SyntaxFile Include="$(JoeSyntaxDir)\debian.jsf">
      <Filter>Syntax files</Filter>
    </SyntaxFile>
    <SyntaxFile Include="$(JoeSyntaxDir)\diff.jsf">
      <Filter>Syntax files</Filter>
    </SyntaxFile>
    <SyntaxFile Include="$(JoeSyntaxDir)\dockerfile.jsf">
      <Filter>Syntax files</Filter>
    </SyntaxFile>
    <SyntaxFile Include="$(JoeSyntaxDir)\elixir.jsf">
      <Filter>Syntax files</Filter>
    </SyntaxFile>
    <SyntaxFile Include="$(JoeSyntaxDir)\erb.jsf">
      <Filter>Syntax files</Filter>
    </SyntaxFile>
    <SyntaxFile Include="$(JoeSyntaxDir)\erlang.jsf">
      <Filter>Syntax files</Filter>
    </SyntaxFile>
    <SyntaxFile Include="$(JoeSyntaxDir)\filename.jsf">
      <Filter>Syntax files</Filter>
    </SyntaxFile>
    <SyntaxFile Include="$(JoeSyntaxDir)\fortran.jsf">
      <Filter>Syntax files</Filter>
    </SyntaxFile>
    <SyntaxFile Include="$(JoeSyntaxDir)\git-commit.jsf">
      <Filter>Syntax files</Filter>
    </SyntaxFile>
    <SyntaxFile Include="$(JoeSyntaxDir)\go.jsf">
      <Filter>Syntax files</Filter>
    </SyntaxFile>
    <SyntaxFile Include="$(JoeSyntaxDir)\groovy.jsf">
      <Filter>Syntax files</Filter>
    </SyntaxFile>
    <SyntaxFile Include="$(JoeSyntaxDir)\haml.jsf">
      <Filter>Syntax files</Filter>
    </SyntaxFile>
    <SyntaxFile Include="$(JoeSyntaxDir)\haskell.jsf">
      <Filter>Syntax files</Filter>
    </SyntaxFile>
    <SyntaxFile Include="$(JoeSyntaxDir)\html.jsf">
      <Filter>Syntax files</Filter>
    </SyntaxFile>
    <SyntaxFile Include="$(JoeSyntaxDir)\htmlerb.jsf">
      <Filter>Syntax files</Filter>
    </SyntaxFile>
    <SyntaxFile Include="$(JoeSyntaxDir)\ini.jsf">
      <Filter>Syntax files</Filter>
    </SyntaxFile>
    <SyntaxFile Include="$(JoeSyntaxDir)\iptables.jsf">
      <Filter>Syntax files</Filter>
    </SyntaxFile>
    <SyntaxFile Include="$(JoeSyntaxDir)\java.jsf">
      <Filter>Syntax files</Filter>
    </SyntaxFile>
    <SyntaxFile Include="$(JoeSyntaxDir)\jcf.jsf">
      <Filter>Syntax files</Filter>
    </SyntaxFile>
    <SyntaxFile Include="$(JoeSyntaxDir)\joerc.jsf">
      <Filter>Syntax files</Filter>
    </SyntaxFile>
    <SyntaxFile Include="$(JoeSyntaxDir)\js.jsf">
      <Filter>Syntax files</Filter>
    </SyntaxFile>
    <SyntaxFile Include="$(JoeSyntaxDir)\jsf.jsf">
      <Filter>Syntax files</Filter>
    </SyntaxFile>
    <SyntaxFile Include="$(JoeSyntaxDir)\jsf_check.jsf">
      <Filter>Syntax files</Filter>
    </SyntaxFile>
    <SyntaxFile Include="$(JoeSyntaxDir)\json.jsf">
      <Filter>Syntax files</Filter>
    </SyntaxFile>
    <SyntaxFile Include="$(JoeSyntaxDir)\lisp.jsf">
      <Filter>Syntax files</Filter>
    </SyntaxFile>
    <SyntaxFile Include="$(JoeSyntaxDir)\lua.jsf">
      <Filter>Syntax files</Filter>
    </SyntaxFile>
    <SyntaxFile Include="$(JoeSyntaxDir)\m4.jsf">
      <Filter>Syntax files</Filter>
    </SyntaxFile>
    <SyntaxFile Include="$(JoeSyntaxDir)\mail.jsf">
      <Filter>Syntax files</Filter>
    </SyntaxFile>
    <SyntaxFile Include="$(JoeSyntaxDir)\mason.jsf">
      <Filter>Syntax files</Filter>
    </SyntaxFile>
    <SyntaxFile Include="$(JoeSyntaxDir)\matlab.jsf">
      <Filter>Syntax files</Filter>
    </SyntaxFile>
    <SyntaxFile Include="$(JoeSyntaxDir)\md.jsf">
      <Filter>Syntax files</Filter>
    </SyntaxFile>
    <SyntaxFile Include="$(JoeSyntaxDir)\ocaml.jsf">
      <Filter>Syntax files</Filter>
    </SyntaxFile>
    <SyntaxFile Include="$(JoeSyntaxDir)\pascal.jsf">
      <Filter>Syntax files</Filter>
    </SyntaxFile>
    <SyntaxFile Include="$(JoeSyntaxDir)\perl.jsf">
      <Filter>Syntax files</Filter>
    </SyntaxFile>
    <SyntaxFile Include="$(JoeSyntaxDir)\php.jsf">
      <Filter>Syntax files</Filter>
    </SyntaxFile>
    <SyntaxFile Include="$(JoeSyntaxDir)\powershell.jsf">
      <Filter>Syntax files</Filter>
    </SyntaxFile>
    <SyntaxFile Include="$(JoeSyntaxDir)\prolog.jsf">
      <Filter>Syntax files</Filter>
    </SyntaxFile>
    <SyntaxFile Include="$(JoeSyntaxDir)\properties.jsf">
      <Filter>Syntax files</Filter>
    </SyntaxFile>
    <SyntaxFile Include="$(JoeSyntaxDir)\ps.jsf">
      <Filter>Syntax files</Filter>
    </SyntaxFile>
    <SyntaxFile Include="$(JoeSyntaxDir)\puppet.jsf">
      <Filter>Syntax files</Filter>
    </SyntaxFile>
    <SyntaxFile Include="$(JoeSyntaxDir)\python.jsf">
      <Filter>Syntax files</Filter>
    </SyntaxFile>
    <SyntaxFile Include="$(JoeSyntaxDir)\r.jsf">
      <Filter>Syntax files</Filter>
    </SyntaxFile>
    <SyntaxFile Include="$(JoeSyntaxDir)\rexx.jsf">
      <Filter>Syntax files</Filter>
    </SyntaxFile>
    <SyntaxFile Include="$(JoeSyntaxDir)\ruby.jsf">
      <Filter>Syntax files</Filter>
    </SyntaxFile>
    <SyntaxFile Include="$(JoeSyntaxDir)\rust.jsf">
      <Filter>Syntax files</Filter>
    </SyntaxFile>
    <SyntaxFile Include="$(JoeSyntaxDir)\scala.jsf">
      <Filter>Syntax files</Filter>
    </SyntaxFile>
    <SyntaxFile Include="$(JoeSyntaxDir)\sed.jsf">
      <Filter>Syntax files</Filter>
    </SyntaxFile>
    <SyntaxFile Include="$(JoeSyntaxDir)\sh.jsf">
      <Filter>Syntax files</Filter>
    </SyntaxFile>
    <SyntaxFile Include="$(JoeSyntaxDir)\sieve.jsf">
      <Filter>Syntax files</Filter>
    </SyntaxFile>
    <SyntaxFile Include="$(JoeSyntaxDir)\skill.jsf">
      <Filter>Syntax files</Filter>
    </SyntaxFile>
    <SyntaxFile Include="$(JoeSyntaxDir)\sml.jsf">
      <Filter>Syntax files</Filter>
    </SyntaxFile>
    <SyntaxFile Include="$(JoeSyntaxDir)\spec.jsf">
      <Filter>Syntax files</Filter>
    </SyntaxFile>
    <SyntaxFile Include="$(JoeSyntaxDir)\sql.jsf">
      <Filter>Syntax files</Filter>
    </SyntaxFile>
    <SyntaxFile Include="$(JoeSyntaxDir)\swift.jsf">
      <Filter>Syntax files</Filter>
    </SyntaxFile>
    <SyntaxFile Include="$(JoeSyntaxDir)\tcl.jsf">
      <Filter>Syntax files</Filter>
    </SyntaxFile>
    <SyntaxFile Include="$(JoeSyntaxDir)\tex.jsf">
      <Filter>Syntax files</Filter>
    </SyntaxFile>
    <SyntaxFile Include="$(JoeSyntaxDir)\troff.jsf">
      <Filter>Syntax files</Filter>
    </SyntaxFile>
    <SyntaxFile Include="$(JoeSyntaxDir)\typescript.jsf">
      <Filter>Syntax files</Filter>
    </SyntaxFile>
    <SyntaxFile Include="$(JoeSyntaxDir)\verilog.jsf">
      <Filter>Syntax files</Filter>
    </SyntaxFile>
    <SyntaxFile Include="$(JoeSyntaxDir)\vhdl.jsf">
      <Filter>Syntax files</Filter>
    </SyntaxFile>
    <SyntaxFile Include="$(JoeSyntaxDir)\whitespace.jsf">
      <Filter>Syntax files</Filter>
    </SyntaxFile>
    <SyntaxFile Include="$(JoeSyntaxDir)\xml.jsf">
      <Filter>Syntax files</Filter>
    </SyntaxFile>
    <SyntaxFile Include="$(JoeSyntaxDir)\yaml.jsf">
      <Filter>Syntax files</Filter>
    </SyntaxFile>
    <ColorSchemeFile Include="$(JoeColorsDir)\default.jcf">
      <Filter>Color schemes</Filter>
    </ColorSchemeFile>
    <ColorSchemeFile Include="$(JoeColorsDir)\gruvbox.jcf">
      <Filter>Color schemes</Filter>
    </ColorSchemeFile>
    <ColorSchemeFile Include="$(JoeColorsDir)\ir_black.jcf">
      <Filter>Color schemes</Filter>
    </ColorSchemeFile>
    <ColorSchemeFile Include="$(JoeColorsDir)\molokai.jcf">
      <Filter>Color schemes</Filter>
    </ColorSchemeFile>
    <ColorSchemeFile Include="$(JoeColorsDir)\solarized.jcf">
      <Filter>Color schemes</Filter>
    </ColorSchemeFile>
    <ColorSchemeFile Include="$(JoeColorsDir)\wombat.jcf">
      <Filter>Color schemes</Filter>
    </ColorSchemeFile>
    <ColorSchemeFile Include="$(JoeColorsDir)\xoria.jcf">
      <Filter>Color schemes</Filter>
    </ColorSchemeFile>
    <ColorSchemeFile Include="$(JoeColorsDir)\zenburn.jcf">
      <Filter>Color schemes</Filter>
    </ColorSchemeFile>
    <ColorSchemeFile Include="$(JoeColorsDir)\zenburn-hc.jcf">
      <Filter>Color schemes</Filter>
    </ColorSchemeFile>
    <ColorSchemeFile Include="$(JoeColorsDir)\blue.jcf">
      <Filter>Color schemes</Filter>
    </ColorSchemeFile>
    <LanguageFile Include="$(JoeLangDir)\de.po">
      <Filter>Translations</Filter>
    </LanguageFile>
    <LanguageFile Include="$(JoeLangDir)\fr.po">
      <Filter>Translations</Filter>
    </LanguageFile>
    <LanguageFile Include="$(JoeLangDir)\ru.po">
      <Filter>Translations</Filter>
    </LanguageFile>
    <LanguageFile Include="$(JoeLangDir)\uk.po">
      <Filter>Translations</Filter>
    </LanguageFile>
    <LanguageFile Include="$(JoeLangDir)\zh_TW.po">
      <Filter>Translations</Filter>
    </LanguageFile>
    <VTFile Include="$(JoeRootConfDir)\shell.sh">
      <Filter>VT Scripts</Filter>
    </VTFile>
    <VTFile Include="$(JoeRootConfDir)\shell.csh">
      <Filter>VT Scripts</Filter>
    </VTFile>
    <VTFile Include="$(JoeConfDir)\vt.bat">
      <Filter>VT Scripts</Filter>
    </VTFile>
  </ItemGroup>
</Project>